<Solution>
  <Folder Name="/src/">
    <Project Path="src/EtpClient/EtpClient.csproj" />
  </Folder>
  <Folder Name="/tests/">
    <Project Path="tests/EtpClient.IntegrationTests/EtpClient.IntegrationTests.csproj" />
    <Project Path="tests/EtpClient.UnitTests/EtpClient.UnitTests.csproj" />
  </Folder>
</Solution>
